{
  "name": "dataform",
  "version": "0.0.11",
  "lockfileVersion": 2,
  "requires": true,
  "packages": {
    "": {
      "name": "dataform",
      "version": "0.0.11",
      "dependencies": {
        "vscode-languageclient": "^6.1.3",
        "vscode-languageserver": "^6.1.1",
        "vscode-languageserver-textdocument": "^1.0.1"
      },
      "devDependencies": {
        "@types/vscode": "^1.47.0",
        "@types/vscode-webview": "^1.57.0"
      },
      "engines": {
        "vscode": "^1.48.0"
      }
    },
    "node_modules/@types/vscode": {
      "version": "1.64.0",
      "resolved": "https://registry.npmjs.org/@types/vscode/-/vscode-1.64.0.tgz",
      "integrity": "sha512-bSlAWz5WtcSL3cO9tAT/KpEH9rv5OBnm93OIIFwdCshaAiqr2bp1AUyEwW9MWeCvZBHEXc3V0fTYVdVyzDNwHA==",
      "dev": true
    },
    "node_modules/@types/vscode-webview": {
      "version": "1.57.0",
      "resolved": "https://registry.npmjs.org/@types/vscode-webview/-/vscode-webview-1.57.0.tgz",
      "integrity": "sha512-x3Cb/SMa1IwRHfSvKaZDZOTh4cNoG505c3NjTqGlMC082m++x/ETUmtYniDsw6SSmYzZXO8KBNhYxR0+VqymqA==",
      "dev": true
    },
    "node_modules/semver": {
      "version": "6.3.0",
      "resolved": "https://registry.npmjs.org/semver/-/semver-6.3.0.tgz",
      "integrity": "sha512-b39TBaTSfV6yBrapU89p5fKekE2m/NwnDocOVruQFS1/veMgdzuPcnOM34M6CwxW8jH/lxEa5rBoDeUwu5HHTw==",
      "bin": {
        "semver": "bin/semver.js"
      }
    },
    "node_modules/vscode-jsonrpc": {
      "version": "5.0.1",
      "resolved": "https://registry.npmjs.org/vscode-jsonrpc/-/vscode-jsonrpc-5.0.1.tgz",
      "integrity": "sha512-JvONPptw3GAQGXlVV2utDcHx0BiY34FupW/kI6mZ5x06ER5DdPG/tXWMVHjTNULF5uKPOUUD0SaXg5QaubJL0A==",
      "engines": {
        "node": ">=8.0.0 || >=10.0.0"
      }
    },
    "node_modules/vscode-languageclient": {
      "version": "6.1.4",
      "resolved": "https://registry.npmjs.org/vscode-languageclient/-/vscode-languageclient-6.1.4.tgz",
      "integrity": "sha512-EUOU+bJu6axmt0RFNo3nrglQLPXMfanbYViJee3Fbn2VuQoX0ZOI4uTYhSRvYLP2vfwTP/juV62P/mksCdTZMA==",
      "dependencies": {
        "semver": "^6.3.0",
        "vscode-languageserver-protocol": "3.15.3"
      },
      "engines": {
        "vscode": "^1.41.0"
      }
    },
    "node_modules/vscode-languageserver": {
      "version": "6.1.1",
      "resolved": "https://registry.npmjs.org/vscode-languageserver/-/vscode-languageserver-6.1.1.tgz",
      "integrity": "sha512-DueEpkUAkD5XTR4MLYNr6bQIp/UFR0/IPApgXU3YfCBCB08u2sm9hRCs6DxYZELkk++STPjpcjksR2H8qI3cDQ==",
      "dependencies": {
        "vscode-languageserver-protocol": "^3.15.3"
      },
      "bin": {
        "installServerIntoExtension": "bin/installServerIntoExtension"
      }
    },
    "node_modules/vscode-languageserver-protocol": {
      "version": "3.15.3",
      "resolved": "https://registry.npmjs.org/vscode-languageserver-protocol/-/vscode-languageserver-protocol-3.15.3.tgz",
      "integrity": "sha512-zrMuwHOAQRhjDSnflWdJG+O2ztMWss8GqUUB8dXLR/FPenwkiBNkMIJJYfSN6sgskvsF0rHAoBowNQfbyZnnvw==",
      "dependencies": {
        "vscode-jsonrpc": "^5.0.1",
        "vscode-languageserver-types": "3.15.1"
      }
    },
    "node_modules/vscode-languageserver-textdocument": {
      "version": "1.0.4",
      "resolved": "https://registry.npmjs.org/vscode-languageserver-textdocument/-/vscode-languageserver-textdocument-1.0.4.tgz",
      "integrity": "sha512-/xhqXP/2A2RSs+J8JNXpiiNVvvNM0oTosNVmQnunlKvq9o4mupHOBAnnzH0lwIPKazXKvAKsVp1kr+H/K4lgoQ=="
    },
    "node_modules/vscode-languageserver-types": {
      "version": "3.15.1",
      "resolved": "https://registry.npmjs.org/vscode-languageserver-types/-/vscode-languageserver-types-3.15.1.tgz",
      "integrity": "sha512-+a9MPUQrNGRrGU630OGbYVQ+11iOIovjCkqxajPa9w57Sd5ruK8WQNsslzpa0x/QJqC8kRc2DUxWjIFwoNm4ZQ=="
    }
  },
  "dependencies": {
    "@types/vscode": {
      "version": "1.64.0",
      "resolved": "https://registry.npmjs.org/@types/vscode/-/vscode-1.64.0.tgz",
      "integrity": "sha512-bSlAWz5WtcSL3cO9tAT/KpEH9rv5OBnm93OIIFwdCshaAiqr2bp1AUyEwW9MWeCvZBHEXc3V0fTYVdVyzDNwHA==",
      "dev": true
    },
    "@types/vscode-webview": {
      "version": "1.57.0",
      "resolved": "https://registry.npmjs.org/@types/vscode-webview/-/vscode-webview-1.57.0.tgz",
      "integrity": "sha512-x3Cb/SMa1IwRHfSvKaZDZOTh4cNoG505c3NjTqGlMC082m++x/ETUmtYniDsw6SSmYzZXO8KBNhYxR0+VqymqA==",
      "dev": true
    },
    "semver": {
      "version": "6.3.0",
      "resolved": "https://registry.npmjs.org/semver/-/semver-6.3.0.tgz",
      "integrity": "sha512-b39TBaTSfV6yBrapU89p5fKekE2m/NwnDocOVruQFS1/veMgdzuPcnOM34M6CwxW8jH/lxEa5rBoDeUwu5HHTw=="
    },
    "vscode-jsonrpc": {
      "version": "5.0.1",
      "resolved": "https://registry.npmjs.org/vscode-jsonrpc/-/vscode-jsonrpc-5.0.1.tgz",
      "integrity": "sha512-JvONPptw3GAQGXlVV2utDcHx0BiY34FupW/kI6mZ5x06ER5DdPG/tXWMVHjTNULF5uKPOUUD0SaXg5QaubJL0A=="
    },
    "vscode-languageclient": {
      "version": "6.1.4",
      "resolved": "https://registry.npmjs.org/vscode-languageclient/-/vscode-languageclient-6.1.4.tgz",
      "integrity": "sha512-EUOU+bJu6axmt0RFNo3nrglQLPXMfanbYViJee3Fbn2VuQoX0ZOI4uTYhSRvYLP2vfwTP/juV62P/mksCdTZMA==",
      "requires": {
        "semver": "^6.3.0",
        "vscode-languageserver-protocol": "3.15.3"
      }
    },
    "vscode-languageserver": {
      "version": "6.1.1",
      "resolved": "https://registry.npmjs.org/vscode-languageserver/-/vscode-languageserver-6.1.1.tgz",
      "integrity": "sha512-DueEpkUAkD5XTR4MLYNr6bQIp/UFR0/IPApgXU3YfCBCB08u2sm9hRCs6DxYZELkk++STPjpcjksR2H8qI3cDQ==",
      "requires": {
        "vscode-languageserver-protocol": "^3.15.3"
      }
    },
    "vscode-languageserver-protocol": {
      "version": "3.15.3",
      "resolved": "https://registry.npmjs.org/vscode-languageserver-protocol/-/vscode-languageserver-protocol-3.15.3.tgz",
      "integrity": "sha512-zrMuwHOAQRhjDSnflWdJG+O2ztMWss8GqUUB8dXLR/FPenwkiBNkMIJJYfSN6sgskvsF0rHAoBowNQfbyZnnvw==",
      "requires": {
        "vscode-jsonrpc": "^5.0.1",
        "vscode-languageserver-types": "3.15.1"
      }
    },
    "vscode-languageserver-textdocument": {
      "version": "1.0.4",
      "resolved": "https://registry.npmjs.org/vscode-languageserver-textdocument/-/vscode-languageserver-textdocument-1.0.4.tgz",
      "integrity": "sha512-/xhqXP/2A2RSs+J8JNXpiiNVvvNM0oTosNVmQnunlKvq9o4mupHOBAnnzH0lwIPKazXKvAKsVp1kr+H/K4lgoQ=="
    },
    "vscode-languageserver-types": {
      "version": "3.15.1",
      "resolved": "https://registry.npmjs.org/vscode-languageserver-types/-/vscode-languageserver-types-3.15.1.tgz",
      "integrity": "sha512-+a9MPUQrNGRrGU630OGbYVQ+11iOIovjCkqxajPa9w57Sd5ruK8WQNsslzpa0x/QJqC8kRc2DUxWjIFwoNm4ZQ=="
    }
  }
}
